PODS:
  - AudioKit (4.11.2):
    - AudioKit/Core (= 4.11.2)
    - AudioKit/UI (= 4.11.2)
  - AudioKit/Core (4.11.2)
  - AudioKit/UI (4.11.2):
    - AudioKit/Core
  - KBNumberPad (1.0.1)
  - SpreadsheetView (0.9.1)

DEPENDENCIES:
  - AudioKit (~> 4.11)
  - KBNumberPad (~> 1.0.1)
  - SpreadsheetView

SPEC REPOS:
  trunk:
    - AudioKit
    - KBNumberPad
    - SpreadsheetView

SPEC CHECKSUMS:
  AudioKit: 57cc61d708f085763a031e5c3f87adae21dc4b59
  KBNumberPad: 37f5ebdd1065575afbe2a95c5a2084562d3f28d8
  SpreadsheetView: 688dbd19f2b355df0eb09e486266fd913a013449

PODFILE CHECKSUM: ca83adf468a823a489aa2960d5537997e6971b23

COCOAPODS: 1.10.1
