// !$*UTF8*$!
{
	archiveVersion = 1;
	classes = {
	};
	objectVersion = 50;
	objects = {

/* Begin PBXBuildFile section */
		82CF79A04AB517CA1F341240 /* Pods_flexinome.framework in Frameworks */ = {isa = PBXBuildFile; fileRef = 75D8892D6D23DE4899642F33 /* Pods_flexinome.framework */; };
		DECCB64625E4C43000951EFA /* AppDelegate.swift in Sources */ = {isa = PBXBuildFile; fileRef = DECCB64525E4C43000951EFA /* AppDelegate.swift */; };
		DECCB64825E4C43000951EFA /* SceneDelegate.swift in Sources */ = {isa = PBXBuildFile; fileRef = DECCB64725E4C43000951EFA /* SceneDelegate.swift */; };
		DECCB64A25E4C43000951EFA /* ViewController.swift in Sources */ = {isa = PBXBuildFile; fileRef = DECCB64925E4C43000951EFA /* ViewController.swift */; };
		DECCB64D25E4C43000951EFA /* Main.storyboard in Resources */ = {isa = PBXBuildFile; fileRef = DECCB64B25E4C43000951EFA /* Main.storyboard */; };
		DECCB64F25E4C43100951EFA /* Assets.xcassets in Resources */ = {isa = PBXBuildFile; fileRef = DECCB64E25E4C43100951EFA /* Assets.xcassets */; };
		DECCB65225E4C43100951EFA /* LaunchScreen.storyboard in Resources */ = {isa = PBXBuildFile; fileRef = DECCB65025E4C43100951EFA /* LaunchScreen.storyboard */; };
		DECCB65B25E5B45500951EFA /* MetronomeViewController.swift in Sources */ = {isa = PBXBuildFile; fileRef = DECCB65A25E5B45500951EFA /* MetronomeViewController.swift */; };
		DECCB65E25E5B6FB00951EFA /* FilesViewController.swift in Sources */ = {isa = PBXBuildFile; fileRef = DECCB65D25E5B6FB00951EFA /* FilesViewController.swift */; };
		DEE0EDC025E6355D00C12F4C /* DocumentPicker.swift in Sources */ = {isa = PBXBuildFile; fileRef = DEE0EDBF25E6355D00C12F4C /* DocumentPicker.swift */; };
		DEE0EDC525E65BFB00C12F4C /* PDFViewController.swift in Sources */ = {isa = PBXBuildFile; fileRef = DEE0EDC425E65BFB00C12F4C /* PDFViewController.swift */; };
/* End PBXBuildFile section */

/* Begin PBXFileReference section */
		657A25B8B539EB0B3C401889 /* Pods-flexinome.debug.xcconfig */ = {isa = PBXFileReference; includeInIndex = 1; lastKnownFileType = text.xcconfig; name = "Pods-flexinome.debug.xcconfig"; path = "Target Support Files/Pods-flexinome/Pods-flexinome.debug.xcconfig"; sourceTree = "<group>"; };
		75D8892D6D23DE4899642F33 /* Pods_flexinome.framework */ = {isa = PBXFileReference; explicitFileType = wrapper.framework; includeInIndex = 0; path = Pods_flexinome.framework; sourceTree = BUILT_PRODUCTS_DIR; };
		DECCB64225E4C43000951EFA /* flexinome.app */ = {isa = PBXFileReference; explicitFileType = wrapper.application; includeInIndex = 0; path = flexinome.app; sourceTree = BUILT_PRODUCTS_DIR; };
		DECCB64525E4C43000951EFA /* AppDelegate.swift */ = {isa = PBXFileReference; lastKnownFileType = sourcecode.swift; path = AppDelegate.swift; sourceTree = "<group>"; };
		DECCB64725E4C43000951EFA /* SceneDelegate.swift */ = {isa = PBXFileReference; lastKnownFileType = sourcecode.swift; path = SceneDelegate.swift; sourceTree = "<group>"; };
		DECCB64925E4C43000951EFA /* ViewController.swift */ = {isa = PBXFileReference; lastKnownFileType = sourcecode.swift; path = ViewController.swift; sourceTree = "<group>"; };
		DECCB64C25E4C43000951EFA /* Base */ = {isa = PBXFileReference; lastKnownFileType = file.storyboard; name = Base; path = Base.lproj/Main.storyboard; sourceTree = "<group>"; };
		DECCB64E25E4C43100951EFA /* Assets.xcassets */ = {isa = PBXFileReference; lastKnownFileType = folder.assetcatalog; path = Assets.xcassets; sourceTree = "<group>"; };
		DECCB65125E4C43100951EFA /* Base */ = {isa = PBXFileReference; lastKnownFileType = file.storyboard; name = Base; path = Base.lproj/LaunchScreen.storyboard; sourceTree = "<group>"; };
		DECCB65325E4C43100951EFA /* Info.plist */ = {isa = PBXFileReference; lastKnownFileType = text.plist.xml; path = Info.plist; sourceTree = "<group>"; };
		DECCB65A25E5B45500951EFA /* MetronomeViewController.swift */ = {isa = PBXFileReference; lastKnownFileType = sourcecode.swift; path = MetronomeViewController.swift; sourceTree = "<group>"; };
		DECCB65D25E5B6FB00951EFA /* FilesViewController.swift */ = {isa = PBXFileReference; lastKnownFileType = sourcecode.swift; path = FilesViewController.swift; sourceTree = "<group>"; };
		DEE0EDBF25E6355D00C12F4C /* DocumentPicker.swift */ = {isa = PBXFileReference; lastKnownFileType = sourcecode.swift; path = DocumentPicker.swift; sourceTree = "<group>"; };
		DEE0EDC425E65BFB00C12F4C /* PDFViewController.swift */ = {isa = PBXFileReference; lastKnownFileType = sourcecode.swift; path = PDFViewController.swift; sourceTree = "<group>"; };
		E65BA932D929A88228EB15D2 /* Pods-flexinome.release.xcconfig */ = {isa = PBXFileReference; includeInIndex = 1; lastKnownFileType = text.xcconfig; name = "Pods-flexinome.release.xcconfig"; path = "Target Support Files/Pods-flexinome/Pods-flexinome.release.xcconfig"; sourceTree = "<group>"; };
/* End PBXFileReference section */

/* Begin PBXFrameworksBuildPhase section */
		DECCB63F25E4C43000951EFA /* Frameworks */ = {
			isa = PBXFrameworksBuildPhase;
			buildActionMask = 2147483647;
			files = (
				82CF79A04AB517CA1F341240 /* Pods_flexinome.framework in Frameworks */,
			);
			runOnlyForDeploymentPostprocessing = 0;
		};
/* End PBXFrameworksBuildPhase section */

/* Begin PBXGroup section */
		5437126B25E972E8004B29CC /* Controllers */ = {
			isa = PBXGroup;
			children = (
				DECCB64925E4C43000951EFA /* ViewController.swift */,
				DEE0EDC425E65BFB00C12F4C /* PDFViewController.swift */,
				DECCB65D25E5B6FB00951EFA /* FilesViewController.swift */,
				DECCB65A25E5B45500951EFA /* MetronomeViewController.swift */,
			);
			path = Controllers;
			sourceTree = "<group>";
		};
		5437126D25E97330004B29CC /* Storyboards */ = {
			isa = PBXGroup;
			children = (
				DECCB65025E4C43100951EFA /* LaunchScreen.storyboard */,
				DECCB64B25E4C43000951EFA /* Main.storyboard */,
			);
			path = Storyboards;
			sourceTree = "<group>";
		};
		DECCB63925E4C43000951EFA = {
			isa = PBXGroup;
			children = (
				DECCB64425E4C43000951EFA /* flexinome */,
				DECCB64325E4C43000951EFA /* Products */,
				E865DB9F53E2A167671DE672 /* Pods */,
				EFECAA714B0B60776CACEC8F /* Frameworks */,
			);
			sourceTree = "<group>";
		};
		DECCB64325E4C43000951EFA /* Products */ = {
			isa = PBXGroup;
			children = (
				DECCB64225E4C43000951EFA /* flexinome.app */,
			);
			name = Products;
			sourceTree = "<group>";
		};
		DECCB64425E4C43000951EFA /* flexinome */ = {
			isa = PBXGroup;
			children = (
				5437126D25E97330004B29CC /* Storyboards */,
				5437126B25E972E8004B29CC /* Controllers */,
				DECCB64525E4C43000951EFA /* AppDelegate.swift */,
				DECCB64725E4C43000951EFA /* SceneDelegate.swift */,
				DEE0EDBF25E6355D00C12F4C /* DocumentPicker.swift */,
				DECCB64E25E4C43100951EFA /* Assets.xcassets */,
				DECCB65325E4C43100951EFA /* Info.plist */,
			);
			path = flexinome;
			sourceTree = "<group>";
		};
		E865DB9F53E2A167671DE672 /* Pods */ = {
			isa = PBXGroup;
			children = (
				657A25B8B539EB0B3C401889 /* Pods-flexinome.debug.xcconfig */,
				E65BA932D929A88228EB15D2 /* Pods-flexinome.release.xcconfig */,
			);
			name = Pods;
			path = Pods;
			sourceTree = "<group>";
		};
		EFECAA714B0B60776CACEC8F /* Frameworks */ = {
			isa = PBXGroup;
			children = (
				75D8892D6D23DE4899642F33 /* Pods_flexinome.framework */,
			);
			name = Frameworks;
			sourceTree = "<group>";
		};
/* End PBXGroup section */

/* Begin PBXNativeTarget section */
		DECCB64125E4C43000951EFA /* flexinome */ = {
			isa = PBXNativeTarget;
			buildConfigurationList = DECCB65625E4C43100951EFA /* Build configuration list for PBXNativeTarget "flexinome" */;
			buildPhases = (
				4975B9FD8EF45102BDAD7736 /* [CP] Check Pods Manifest.lock */,
				DECCB63E25E4C43000951EFA /* Sources */,
				DECCB63F25E4C43000951EFA /* Frameworks */,
				DECCB64025E4C43000951EFA /* Resources */,
			);
			buildRules = (
			);
			dependencies = (
			);
			name = flexinome;
			productName = flexinome;
			productReference = DECCB64225E4C43000951EFA /* flexinome.app */;
			productType = "com.apple.product-type.application";
		};
/* End PBXNativeTarget section */

/* Begin PBXProject section */
		DECCB63A25E4C43000951EFA /* Project object */ = {
			isa = PBXProject;
			attributes = {
				LastSwiftUpdateCheck = 1240;
				LastUpgradeCheck = 1240;
				TargetAttributes = {
					DECCB64125E4C43000951EFA = {
						CreatedOnToolsVersion = 12.4;
					};
				};
			};
			buildConfigurationList = DECCB63D25E4C43000951EFA /* Build configuration list for PBXProject "flexinome" */;
			compatibilityVersion = "Xcode 9.3";
			developmentRegion = en;
			hasScannedForEncodings = 0;
			knownRegions = (
				en,
				Base,
			);
			mainGroup = DECCB63925E4C43000951EFA;
			productRefGroup = DECCB64325E4C43000951EFA /* Products */;
			projectDirPath = "";
			projectRoot = "";
			targets = (
				DECCB64125E4C43000951EFA /* flexinome */,
			);
		};
/* End PBXProject section */

/* Begin PBXResourcesBuildPhase section */
		DECCB64025E4C43000951EFA /* Resources */ = {
			isa = PBXResourcesBuildPhase;
			buildActionMask = 2147483647;
			files = (
				DECCB65225E4C43100951EFA /* LaunchScreen.storyboard in Resources */,
				DECCB64F25E4C43100951EFA /* Assets.xcassets in Resources */,
				DECCB64D25E4C43000951EFA /* Main.storyboard in Resources */,
			);
			runOnlyForDeploymentPostprocessing = 0;
		};
/* End PBXResourcesBuildPhase section */

/* Begin PBXShellScriptBuildPhase section */
		4975B9FD8EF45102BDAD7736 /* [CP] Check Pods Manifest.lock */ = {
			isa = PBXShellScriptBuildPhase;
			buildActionMask = 2147483647;
			files = (
			);
			inputFileListPaths = (
			);
			inputPaths = (
				"${PODS_PODFILE_DIR_PATH}/Podfile.lock",
				"${PODS_ROOT}/Manifest.lock",
			);
			name = "[CP] Check Pods Manifest.lock";
			outputFileListPaths = (
			);
			outputPaths = (
				"$(DERIVED_FILE_DIR)/Pods-flexinome-checkManifestLockResult.txt",
			);
			runOnlyForDeploymentPostprocessing = 0;
			shellPath = /bin/sh;
			shellScript = "diff \"${PODS_PODFILE_DIR_PATH}/Podfile.lock\" \"${PODS_ROOT}/Manifest.lock\" > /dev/null\nif [ $? != 0 ] ; then\n    # print error to STDERR\n    echo \"error: The sandbox is not in sync with the Podfile.lock. Run 'pod install' or update your CocoaPods installation.\" >&2\n    exit 1\nfi\n# This output is used by Xcode 'outputs' to avoid re-running this script phase.\necho \"SUCCESS\" > \"${SCRIPT_OUTPUT_FILE_0}\"\n";
			showEnvVarsInLog = 0;
		};
/* End PBXShellScriptBuildPhase section */

/* Begin PBXSourcesBuildPhase section */
		DECCB63E25E4C43000951EFA /* Sources */ = {
			isa = PBXSourcesBuildPhase;
			buildActionMask = 2147483647;
			files = (
				DECCB64A25E4C43000951EFA /* ViewController.swift in Sources */,
				DECCB65B25E5B45500951EFA /* MetronomeViewController.swift in Sources */,
				DECCB64625E4C43000951EFA /* AppDelegate.swift in Sources */,
				DECCB65E25E5B6FB00951EFA /* FilesViewController.swift in Sources */,
				DEE0EDC025E6355D00C12F4C /* DocumentPicker.swift in Sources */,
				DEE0EDC525E65BFB00C12F4C /* PDFViewController.swift in Sources */,
				DECCB64825E4C43000951EFA /* SceneDelegate.swift in Sources */,
			);
			runOnlyForDeploymentPostprocessing = 0;
		};
/* End PBXSourcesBuildPhase section */

/* Begin PBXVariantGroup section */
		DECCB64B25E4C43000951EFA /* Main.storyboard */ = {
			isa = PBXVariantGroup;
			children = (
				DECCB64C25E4C43000951EFA /* Base */,
			);
			name = Main.storyboard;
			sourceTree = "<group>";
		};
		DECCB65025E4C43100951EFA /* LaunchScreen.storyboard */ = {
			isa = PBXVariantGroup;
			children = (
				DECCB65125E4C43100951EFA /* Base */,
			);
			name = LaunchScreen.storyboard;
			sourceTree = "<group>";
		};
/* End PBXVariantGroup section */

/* Begin XCBuildConfiguration section */
		DECCB65425E4C43100951EFA /* Debug */ = {
			isa = XCBuildConfiguration;
			buildSettings = {
				ALWAYS_SEARCH_USER_PATHS = NO;
				CLANG_ANALYZER_NONNULL = YES;
				CLANG_ANALYZER_NUMBER_OBJECT_CONVERSION = YES_AGGRESSIVE;
				CLANG_CXX_LANGUAGE_STANDARD = "gnu++14";
				CLANG_CXX_LIBRARY = "libc++";
				CLANG_ENABLE_MODULES = YES;
				CLANG_ENABLE_OBJC_ARC = YES;
				CLANG_ENABLE_OBJC_WEAK = YES;
				CLANG_WARN_BLOCK_CAPTURE_AUTORELEASING = YES;
				CLANG_WARN_BOOL_CONVERSION = YES;
				CLANG_WARN_COMMA = YES;
				CLANG_WARN_CONSTANT_CONVERSION = YES;
				CLANG_WARN_DEPRECATED_OBJC_IMPLEMENTATIONS = YES;
				CLANG_WARN_DIRECT_OBJC_ISA_USAGE = YES_ERROR;
				CLANG_WARN_DOCUMENTATION_COMMENTS = YES;
				CLANG_WARN_EMPTY_BODY = YES;
				CLANG_WARN_ENUM_CONVERSION = YES;
				CLANG_WARN_INFINITE_RECURSION = YES;
				CLANG_WARN_INT_CONVERSION = YES;
				CLANG_WARN_NON_LITERAL_NULL_CONVERSION = YES;
				CLANG_WARN_OBJC_IMPLICIT_RETAIN_SELF = YES;
				CLANG_WARN_OBJC_LITERAL_CONVERSION = YES;
				CLANG_WARN_OBJC_ROOT_CLASS = YES_ERROR;
				CLANG_WARN_QUOTED_INCLUDE_IN_FRAMEWORK_HEADER = YES;
				CLANG_WARN_RANGE_LOOP_ANALYSIS = YES;
				CLANG_WARN_STRICT_PROTOTYPES = YES;
				CLANG_WARN_SUSPICIOUS_MOVE = YES;
				CLANG_WARN_UNGUARDED_AVAILABILITY = YES_AGGRESSIVE;
				CLANG_WARN_UNREACHABLE_CODE = YES;
				CLANG_WARN__DUPLICATE_METHOD_MATCH = YES;
				COPY_PHASE_STRIP = NO;
				DEBUG_INFORMATION_FORMAT = dwarf;
				ENABLE_STRICT_OBJC_MSGSEND = YES;
				ENABLE_TESTABILITY = YES;
				GCC_C_LANGUAGE_STANDARD = gnu11;
				GCC_DYNAMIC_NO_PIC = NO;
				GCC_NO_COMMON_BLOCKS = YES;
				GCC_OPTIMIZATION_LEVEL = 0;
				GCC_PREPROCESSOR_DEFINITIONS = (
					"DEBUG=1",
					"$(inherited)",
				);
				GCC_WARN_64_TO_32_BIT_CONVERSION = YES;
				GCC_WARN_ABOUT_RETURN_TYPE = YES_ERROR;
				GCC_WARN_UNDECLARED_SELECTOR = YES;
				GCC_WARN_UNINITIALIZED_AUTOS = YES_AGGRESSIVE;
				GCC_WARN_UNUSED_FUNCTION = YES;
				GCC_WARN_UNUSED_VARIABLE = YES;
				IPHONEOS_DEPLOYMENT_TARGET = 14.4;
				MTL_ENABLE_DEBUG_INFO = INCLUDE_SOURCE;
				MTL_FAST_MATH = YES;
				ONLY_ACTIVE_ARCH = YES;
				SDKROOT = iphoneos;
				SWIFT_ACTIVE_COMPILATION_CONDITIONS = DEBUG;
				SWIFT_OPTIMIZATION_LEVEL = "-Onone";
			};
			name = Debug;
		};
		DECCB65525E4C43100951EFA /* Release */ = {
			isa = XCBuildConfiguration;
			buildSettings = {
				ALWAYS_SEARCH_USER_PATHS = NO;
				CLANG_ANALYZER_NONNULL = YES;
				CLANG_ANALYZER_NUMBER_OBJECT_CONVERSION = YES_AGGRESSIVE;
				CLANG_CXX_LANGUAGE_STANDARD = "gnu++14";
				CLANG_CXX_LIBRARY = "libc++";
				CLANG_ENABLE_MODULES = YES;
				CLANG_ENABLE_OBJC_ARC = YES;
				CLANG_ENABLE_OBJC_WEAK = YES;
				CLANG_WARN_BLOCK_CAPTURE_AUTORELEASING = YES;
				CLANG_WARN_BOOL_CONVERSION = YES;
				CLANG_WARN_COMMA = YES;
				CLANG_WARN_CONSTANT_CONVERSION = YES;
				CLANG_WARN_DEPRECATED_OBJC_IMPLEMENTATIONS = YES;
				CLANG_WARN_DIRECT_OBJC_ISA_USAGE = YES_ERROR;
				CLANG_WARN_DOCUMENTATION_COMMENTS = YES;
				CLANG_WARN_EMPTY_BODY = YES;
				CLANG_WARN_ENUM_CONVERSION = YES;
				CLANG_WARN_INFINITE_RECURSION = YES;
				CLANG_WARN_INT_CONVERSION = YES;
				CLANG_WARN_NON_LITERAL_NULL_CONVERSION = YES;
				CLANG_WARN_OBJC_IMPLICIT_RETAIN_SELF = YES;
				CLANG_WARN_OBJC_LITERAL_CONVERSION = YES;
				CLANG_WARN_OBJC_ROOT_CLASS = YES_ERROR;
				CLANG_WARN_QUOTED_INCLUDE_IN_FRAMEWORK_HEADER = YES;
				CLANG_WARN_RANGE_LOOP_ANALYSIS = YES;
				CLANG_WARN_STRICT_PROTOTYPES = YES;
				CLANG_WARN_SUSPICIOUS_MOVE = YES;
				CLANG_WARN_UNGUARDED_AVAILABILITY = YES_AGGRESSIVE;
				CLANG_WARN_UNREACHABLE_CODE = YES;
				CLANG_WARN__DUPLICATE_METHOD_MATCH = YES;
				COPY_PHASE_STRIP = NO;
				DEBUG_INFORMATION_FORMAT = "dwarf-with-dsym";
				ENABLE_NS_ASSERTIONS = NO;
				ENABLE_STRICT_OBJC_MSGSEND = YES;
				GCC_C_LANGUAGE_STANDARD = gnu11;
				GCC_NO_COMMON_BLOCKS = YES;
				GCC_WARN_64_TO_32_BIT_CONVERSION = YES;
				GCC_WARN_ABOUT_RETURN_TYPE = YES_ERROR;
				GCC_WARN_UNDECLARED_SELECTOR = YES;
				GCC_WARN_UNINITIALIZED_AUTOS = YES_AGGRESSIVE;
				GCC_WARN_UNUSED_FUNCTION = YES;
				GCC_WARN_UNUSED_VARIABLE = YES;
				IPHONEOS_DEPLOYMENT_TARGET = 14.4;
				MTL_ENABLE_DEBUG_INFO = NO;
				MTL_FAST_MATH = YES;
				SDKROOT = iphoneos;
				SWIFT_COMPILATION_MODE = wholemodule;
				SWIFT_OPTIMIZATION_LEVEL = "-O";
				VALIDATE_PRODUCT = YES;
			};
			name = Release;
		};
		DECCB65725E4C43100951EFA /* Debug */ = {
			isa = XCBuildConfiguration;
			baseConfigurationReference = 657A25B8B539EB0B3C401889 /* Pods-flexinome.debug.xcconfig */;
			buildSettings = {
				ASSETCATALOG_COMPILER_APPICON_NAME = AppIcon;
				ASSETCATALOG_COMPILER_GLOBAL_ACCENT_COLOR_NAME = AccentColor;
				CODE_SIGN_STYLE = Automatic;
				DEVELOPMENT_TEAM = ZF3ZR98PY4;
				INFOPLIST_FILE = flexinome/Info.plist;
				LD_RUNPATH_SEARCH_PATHS = (
					"$(inherited)",
					"@executable_path/Frameworks",
				);
				PRODUCT_BUNDLE_IDENTIFIER = com.ece1778.flexinome;
				PRODUCT_NAME = "$(TARGET_NAME)";
				SWIFT_VERSION = 5.0;
				TARGETED_DEVICE_FAMILY = "1,2";
			};
			name = Debug;
		};
		DECCB65825E4C43100951EFA /* Release */ = {
			isa = XCBuildConfiguration;
			baseConfigurationReference = E65BA932D929A88228EB15D2 /* Pods-flexinome.release.xcconfig */;
			buildSettings = {
				ASSETCATALOG_COMPILER_APPICON_NAME = AppIcon;
				ASSETCATALOG_COMPILER_GLOBAL_ACCENT_COLOR_NAME = AccentColor;
				CODE_SIGN_STYLE = Automatic;
				DEVELOPMENT_TEAM = ZF3ZR98PY4;
				INFOPLIST_FILE = flexinome/Info.plist;
				LD_RUNPATH_SEARCH_PATHS = (
					"$(inherited)",
					"@executable_path/Frameworks",
				);
				PRODUCT_BUNDLE_IDENTIFIER = com.ece1778.flexinome;
				PRODUCT_NAME = "$(TARGET_NAME)";
				SWIFT_VERSION = 5.0;
				TARGETED_DEVICE_FAMILY = "1,2";
			};
			name = Release;
		};
/* End XCBuildConfiguration section */

/* Begin XCConfigurationList section */
		DECCB63D25E4C43000951EFA /* Build configuration list for PBXProject "flexinome" */ = {
			isa = XCConfigurationList;
			buildConfigurations = (
				DECCB65425E4C43100951EFA /* Debug */,
				DECCB65525E4C43100951EFA /* Release */,
			);
			defaultConfigurationIsVisible = 0;
			defaultConfigurationName = Release;
		};
		DECCB65625E4C43100951EFA /* Build configuration list for PBXNativeTarget "flexinome" */ = {
			isa = XCConfigurationList;
			buildConfigurations = (
				DECCB65725E4C43100951EFA /* Debug */,
				DECCB65825E4C43100951EFA /* Release */,
			);
			defaultConfigurationIsVisible = 0;
			defaultConfigurationName = Release;
		};
/* End XCConfigurationList section */
	};
	rootObject = DECCB63A25E4C43000951EFA /* Project object */;
}
